// !$*UTF8*$!
{
	archiveVersion = 1;
	classes = {
	};
	objectVersion = 56;
	objects = {

/* Begin PBXBuildFile section */
		68031EDD2ACD52FA00E4FC38 /* YTPlayer.docc in Sources */ = {isa = PBXBuildFile; fileRef = 68031EDC2ACD52FA00E4FC38 /* YTPlayer.docc */; };
		68031EE32ACD52FA00E4FC38 /* YTPlayer.framework in Frameworks */ = {isa = PBXBuildFile; fileRef = 68031ED82ACD52FA00E4FC38 /* YTPlayer.framework */; };
		68031EE82ACD52FA00E4FC38 /* YTPlayerTests.swift in Sources */ = {isa = PBXBuildFile; fileRef = 68031EE72ACD52FA00E4FC38 /* YTPlayerTests.swift */; };
		68031EE92ACD52FA00E4FC38 /* YTPlayer.h in Headers */ = {isa = PBXBuildFile; fileRef = 68031EDB2ACD52FA00E4FC38 /* YTPlayer.h */; settings = {ATTRIBUTES = (Public, ); }; };
/* End PBXBuildFile section */

/* Begin PBXContainerItemProxy section */
		68031EE42ACD52FA00E4FC38 /* PBXContainerItemProxy */ = {
			isa = PBXContainerItemProxy;
			containerPortal = 68031ECF2ACD52FA00E4FC38 /* Project object */;
			proxyType = 1;
			remoteGlobalIDString = 68031ED72ACD52FA00E4FC38;
			remoteInfo = YTPlayer;
		};
/* End PBXContainerItemProxy section */

/* Begin PBXFileReference section */
		68031ED82ACD52FA00E4FC38 /* YTPlayer.framework */ = {isa = PBXFileReference; explicitFileType = wrapper.framework; includeInIndex = 0; path = YTPlayer.framework; sourceTree = BUILT_PRODUCTS_DIR; };
		68031EDB2ACD52FA00E4FC38 /* YTPlayer.h */ = {isa = PBXFileReference; lastKnownFileType = sourcecode.c.h; path = YTPlayer.h; sourceTree = "<group>"; };
		68031EDC2ACD52FA00E4FC38 /* YTPlayer.docc */ = {isa = PBXFileReference; lastKnownFileType = folder.documentationcatalog; path = YTPlayer.docc; sourceTree = "<group>"; };
		68031EE22ACD52FA00E4FC38 /* YTPlayerTests.xctest */ = {isa = PBXFileReference; explicitFileType = wrapper.cfbundle; includeInIndex = 0; path = YTPlayerTests.xctest; sourceTree = BUILT_PRODUCTS_DIR; };
		68031EE72ACD52FA00E4FC38 /* YTPlayerTests.swift */ = {isa = PBXFileReference; lastKnownFileType = sourcecode.swift; path = YTPlayerTests.swift; sourceTree = "<group>"; };
/* End PBXFileReference section */

/* Begin PBXFrameworksBuildPhase section */
		68031ED52ACD52FA00E4FC38 /* Frameworks */ = {
			isa = PBXFrameworksBuildPhase;
			buildActionMask = 2147483647;
			files = (
			);
			runOnlyForDeploymentPostprocessing = 0;
		};
		68031EDF2ACD52FA00E4FC38 /* Frameworks */ = {
			isa = PBXFrameworksBuildPhase;
			buildActionMask = 2147483647;
			files = (
				68031EE32ACD52FA00E4FC38 /* YTPlayer.framework in Frameworks */,
			);
			runOnlyForDeploymentPostprocessing = 0;
		};
/* End PBXFrameworksBuildPhase section */

/* Begin PBXGroup section */
		68031ECE2ACD52FA00E4FC38 = {
			isa = PBXGroup;
			children = (
				68031F132ACD584400E4FC38 /* Source */,
				68031F122ACD579300E4FC38 /* Classes */,
				68031EDA2ACD52FA00E4FC38 /* YTPlayer */,
				68031EE62ACD52FA00E4FC38 /* YTPlayerTests */,
				68031ED92ACD52FA00E4FC38 /* Products */,
			);
			sourceTree = "<group>";
		};
		68031ED92ACD52FA00E4FC38 /* Products */ = {
			isa = PBXGroup;
			children = (
				68031ED82ACD52FA00E4FC38 /* YTPlayer.framework */,
				68031EE22ACD52FA00E4FC38 /* YTPlayerTests.xctest */,
			);
			name = Products;
			sourceTree = "<group>";
		};
		68031EDA2ACD52FA00E4FC38 /* YTPlayer */ = {
			isa = PBXGroup;
			children = (
				68031EDB2ACD52FA00E4FC38 /* YTPlayer.h */,
				68031EDC2ACD52FA00E4FC38 /* YTPlayer.docc */,
			);
			path = YTPlayer;
			sourceTree = "<group>";
		};
		68031EE62ACD52FA00E4FC38 /* YTPlayerTests */ = {
			isa = PBXGroup;
			children = (
				68031EE72ACD52FA00E4FC38 /* YTPlayerTests.swift */,
			);
			path = YTPlayerTests;
			sourceTree = "<group>";
		};
		68031F122ACD579300E4FC38 /* Classes */ = {
			isa = PBXGroup;
			children = (
			);
			path = Classes;
			sourceTree = "<group>";
		};
		68031F132ACD584400E4FC38 /* Source */ = {
			isa = PBXGroup;
			children = (
			);
			path = Source;
			sourceTree = "<group>";
		};
/* End PBXGroup section */

/* Begin PBXHeadersBuildPhase section */
		68031ED32ACD52FA00E4FC38 /* Headers */ = {
			isa = PBXHeadersBuildPhase;
			buildActionMask = 2147483647;
			files = (
				68031EE92ACD52FA00E4FC38 /* YTPlayer.h in Headers */,
			);
			runOnlyForDeploymentPostprocessing = 0;
		};
/* End PBXHeadersBuildPhase section */

/* Begin PBXNativeTarget section */
		68031ED72ACD52FA00E4FC38 /* YTPlayer */ = {
			isa = PBXNativeTarget;
			buildConfigurationList = 68031EEC2ACD52FA00E4FC38 /* Build configuration list for PBXNativeTarget "YTPlayer" */;
			buildPhases = (
				68031ED32ACD52FA00E4FC38 /* Headers */,
				68031ED42ACD52FA00E4FC38 /* Sources */,
				68031ED52ACD52FA00E4FC38 /* Frameworks */,
				68031ED62ACD52FA00E4FC38 /* Resources */,
			);
			buildRules = (
			);
			dependencies = (
			);
			name = YTPlayer;
			productName = YTPlayer;
			productReference = 68031ED82ACD52FA00E4FC38 /* YTPlayer.framework */;
			productType = "com.apple.product-type.framework";
		};
		68031EE12ACD52FA00E4FC38 /* YTPlayerTests */ = {
			isa = PBXNativeTarget;
			buildConfigurationList = 68031EEF2ACD52FA00E4FC38 /* Build configuration list for PBXNativeTarget "YTPlayerTests" */;
			buildPhases = (
				68031EDE2ACD52FA00E4FC38 /* Sources */,
				68031EDF2ACD52FA00E4FC38 /* Frameworks */,
				68031EE02ACD52FA00E4FC38 /* Resources */,
			);
			buildRules = (
			);
			dependencies = (
				68031EE52ACD52FA00E4FC38 /* PBXTargetDependency */,
			);
			name = YTPlayerTests;
			productName = YTPlayerTests;
			productReference = 68031EE22ACD52FA00E4FC38 /* YTPlayerTests.xctest */;
			productType = "com.apple.product-type.bundle.unit-test";
		};
/* End PBXNativeTarget section */

/* Begin PBXProject section */
		68031ECF2ACD52FA00E4FC38 /* Project object */ = {
			isa = PBXProject;
			attributes = {
				BuildIndependentTargetsInParallel = 1;
				LastSwiftUpdateCheck = 1420;
				LastUpgradeCheck = 1420;
				TargetAttributes = {
					68031ED72ACD52FA00E4FC38 = {
						CreatedOnToolsVersion = 14.2;
					};
					68031EE12ACD52FA00E4FC38 = {
						CreatedOnToolsVersion = 14.2;
					};
				};
			};
			buildConfigurationList = 68031ED22ACD52FA00E4FC38 /* Build configuration list for PBXProject "YTPlayer" */;
			compatibilityVersion = "Xcode 14.0";
			developmentRegion = en;
			hasScannedForEncodings = 0;
			knownRegions = (
				en,
				Base,
			);
			mainGroup = 68031ECE2ACD52FA00E4FC38;
			productRefGroup = 68031ED92ACD52FA00E4FC38 /* Products */;
			projectDirPath = "";
			projectRoot = "";
			targets = (
				68031ED72ACD52FA00E4FC38 /* YTPlayer */,
				68031EE12ACD52FA00E4FC38 /* YTPlayerTests */,
			);
		};
/* End PBXProject section */

/* Begin PBXResourcesBuildPhase section */
		68031ED62ACD52FA00E4FC38 /* Resources */ = {
			isa = PBXResourcesBuildPhase;
			buildActionMask = 2147483647;
			files = (
			);
			runOnlyForDeploymentPostprocessing = 0;
		};
		68031EE02ACD52FA00E4FC38 /* Resources */ = {
			isa = PBXResourcesBuildPhase;
			buildActionMask = 2147483647;
			files = (
			);
			runOnlyForDeploymentPostprocessing = 0;
		};
/* End PBXResourcesBuildPhase section */

/* Begin PBXSourcesBuildPhase section */
		68031ED42ACD52FA00E4FC38 /* Sources */ = {
			isa = PBXSourcesBuildPhase;
			buildActionMask = 2147483647;
			files = (
				68031EDD2ACD52FA00E4FC38 /* YTPlayer.docc in Sources */,
			);
			runOnlyForDeploymentPostprocessing = 0;
		};
		68031EDE2ACD52FA00E4FC38 /* Sources */ = {
			isa = PBXSourcesBuildPhase;
			buildActionMask = 2147483647;
			files = (
				68031EE82ACD52FA00E4FC38 /* YTPlayerTests.swift in Sources */,
			);
			runOnlyForDeploymentPostprocessing = 0;
		};
/* End PBXSourcesBuildPhase section */

/* Begin PBXTargetDependency section */
		68031EE52ACD52FA00E4FC38 /* PBXTargetDependency */ = {
			isa = PBXTargetDependency;
			target = 68031ED72ACD52FA00E4FC38 /* YTPlayer */;
			targetProxy = 68031EE42ACD52FA00E4FC38 /* PBXContainerItemProxy */;
		};
/* End PBXTargetDependency section */

/* Begin XCBuildConfiguration section */
		68031EEA2ACD52FA00E4FC38 /* Debug */ = {
			isa = XCBuildConfiguration;
			buildSettings = {
				ALWAYS_SEARCH_USER_PATHS = NO;
				CLANG_ANALYZER_NONNULL = YES;
				CLANG_ANALYZER_NUMBER_OBJECT_CONVERSION = YES_AGGRESSIVE;
				CLANG_CXX_LANGUAGE_STANDARD = "gnu++20";
				CLANG_ENABLE_MODULES = YES;
				CLANG_ENABLE_OBJC_ARC = YES;
				CLANG_ENABLE_OBJC_WEAK = YES;
				CLANG_WARN_BLOCK_CAPTURE_AUTORELEASING = YES;
				CLANG_WARN_BOOL_CONVERSION = YES;
				CLANG_WARN_COMMA = YES;
				CLANG_WARN_CONSTANT_CONVERSION = YES;
				CLANG_WARN_DEPRECATED_OBJC_IMPLEMENTATIONS = YES;
				CLANG_WARN_DIRECT_OBJC_ISA_USAGE = YES_ERROR;
				CLANG_WARN_DOCUMENTATION_COMMENTS = YES;
				CLANG_WARN_EMPTY_BODY = YES;
				CLANG_WARN_ENUM_CONVERSION = YES;
				CLANG_WARN_INFINITE_RECURSION = YES;
				CLANG_WARN_INT_CONVERSION = YES;
				CLANG_WARN_NON_LITERAL_NULL_CONVERSION = YES;
				CLANG_WARN_OBJC_IMPLICIT_RETAIN_SELF = YES;
				CLANG_WARN_OBJC_LITERAL_CONVERSION = YES;
				CLANG_WARN_OBJC_ROOT_CLASS = YES_ERROR;
				CLANG_WARN_QUOTED_INCLUDE_IN_FRAMEWORK_HEADER = YES;
				CLANG_WARN_RANGE_LOOP_ANALYSIS = YES;
				CLANG_WARN_STRICT_PROTOTYPES = YES;
				CLANG_WARN_SUSPICIOUS_MOVE = YES;
				CLANG_WARN_UNGUARDED_AVAILABILITY = YES_AGGRESSIVE;
				CLANG_WARN_UNREACHABLE_CODE = YES;
				CLANG_WARN__DUPLICATE_METHOD_MATCH = YES;
				COPY_PHASE_STRIP = NO;
				CURRENT_PROJECT_VERSION = 1;
				DEBUG_INFORMATION_FORMAT = dwarf;
				ENABLE_STRICT_OBJC_MSGSEND = YES;
				ENABLE_TESTABILITY = YES;
				GCC_C_LANGUAGE_STANDARD = gnu11;
				GCC_DYNAMIC_NO_PIC = NO;
				GCC_NO_COMMON_BLOCKS = YES;
				GCC_OPTIMIZATION_LEVEL = 0;
				GCC_PREPROCESSOR_DEFINITIONS = (
					"DEBUG=1",
					"$(inherited)",
				);
				GCC_WARN_64_TO_32_BIT_CONVERSION = YES;
				GCC_WARN_ABOUT_RETURN_TYPE = YES_ERROR;
				GCC_WARN_UNDECLARED_SELECTOR = YES;
				GCC_WARN_UNINITIALIZED_AUTOS = YES_AGGRESSIVE;
				GCC_WARN_UNUSED_FUNCTION = YES;
				GCC_WARN_UNUSED_VARIABLE = YES;
				IPHONEOS_DEPLOYMENT_TARGET = 16.2;
				MTL_ENABLE_DEBUG_INFO = INCLUDE_SOURCE;
				MTL_FAST_MATH = YES;
				ONLY_ACTIVE_ARCH = YES;
				SDKROOT = iphoneos;
				SWIFT_ACTIVE_COMPILATION_CONDITIONS = DEBUG;
				SWIFT_OPTIMIZATION_LEVEL = "-Onone";
				VERSIONING_SYSTEM = "apple-generic";
				VERSION_INFO_PREFIX = "";
			};
			name = Debug;
		};
		68031EEB2ACD52FA00E4FC38 /* Release */ = {
			isa = XCBuildConfiguration;
			buildSettings = {
				ALWAYS_SEARCH_USER_PATHS = NO;
				CLANG_ANALYZER_NONNULL = YES;
				CLANG_ANALYZER_NUMBER_OBJECT_CONVERSION = YES_AGGRESSIVE;
				CLANG_CXX_LANGUAGE_STANDARD = "gnu++20";
				CLANG_ENABLE_MODULES = YES;
				CLANG_ENABLE_OBJC_ARC = YES;
				CLANG_ENABLE_OBJC_WEAK = YES;
				CLANG_WARN_BLOCK_CAPTURE_AUTORELEASING = YES;
				CLANG_WARN_BOOL_CONVERSION = YES;
				CLANG_WARN_COMMA = YES;
				CLANG_WARN_CONSTANT_CONVERSION = YES;
				CLANG_WARN_DEPRECATED_OBJC_IMPLEMENTATIONS = YES;
				CLANG_WARN_DIRECT_OBJC_ISA_USAGE = YES_ERROR;
				CLANG_WARN_DOCUMENTATION_COMMENTS = YES;
				CLANG_WARN_EMPTY_BODY = YES;
				CLANG_WARN_ENUM_CONVERSION = YES;
				CLANG_WARN_INFINITE_RECURSION = YES;
				CLANG_WARN_INT_CONVERSION = YES;
				CLANG_WARN_NON_LITERAL_NULL_CONVERSION = YES;
				CLANG_WARN_OBJC_IMPLICIT_RETAIN_SELF = YES;
				CLANG_WARN_OBJC_LITERAL_CONVERSION = YES;
				CLANG_WARN_OBJC_ROOT_CLASS = YES_ERROR;
				CLANG_WARN_QUOTED_INCLUDE_IN_FRAMEWORK_HEADER = YES;
				CLANG_WARN_RANGE_LOOP_ANALYSIS = YES;
				CLANG_WARN_STRICT_PROTOTYPES = YES;
				CLANG_WARN_SUSPICIOUS_MOVE = YES;
				CLANG_WARN_UNGUARDED_AVAILABILITY = YES_AGGRESSIVE;
				CLANG_WARN_UNREACHABLE_CODE = YES;
				CLANG_WARN__DUPLICATE_METHOD_MATCH = YES;
				COPY_PHASE_STRIP = NO;
				CURRENT_PROJECT_VERSION = 1;
				DEBUG_INFORMATION_FORMAT = "dwarf-with-dsym";
				ENABLE_NS_ASSERTIONS = NO;
				ENABLE_STRICT_OBJC_MSGSEND = YES;
				GCC_C_LANGUAGE_STANDARD = gnu11;
				GCC_NO_COMMON_BLOCKS = YES;
				GCC_WARN_64_TO_32_BIT_CONVERSION = YES;
				GCC_WARN_ABOUT_RETURN_TYPE = YES_ERROR;
				GCC_WARN_UNDECLARED_SELECTOR = YES;
				GCC_WARN_UNINITIALIZED_AUTOS = YES_AGGRESSIVE;
				GCC_WARN_UNUSED_FUNCTION = YES;
				GCC_WARN_UNUSED_VARIABLE = YES;
				IPHONEOS_DEPLOYMENT_TARGET = 16.2;
				MTL_ENABLE_DEBUG_INFO = NO;
				MTL_FAST_MATH = YES;
				SDKROOT = iphoneos;
				SWIFT_COMPILATION_MODE = wholemodule;
				SWIFT_OPTIMIZATION_LEVEL = "-O";
				VALIDATE_PRODUCT = YES;
				VERSIONING_SYSTEM = "apple-generic";
				VERSION_INFO_PREFIX = "";
			};
			name = Release;
		};
		68031EED2ACD52FA00E4FC38 /* Debug */ = {
			isa = XCBuildConfiguration;
			buildSettings = {
				CODE_SIGN_STYLE = Automatic;
				CURRENT_PROJECT_VERSION = 1;
				DEFINES_MODULE = YES;
				DEVELOPMENT_TEAM = L6PYXBS39D;
				DYLIB_COMPATIBILITY_VERSION = 1;
				DYLIB_CURRENT_VERSION = 1;
				DYLIB_INSTALL_NAME_BASE = "@rpath";
				GENERATE_INFOPLIST_FILE = YES;
				INFOPLIST_KEY_NSHumanReadableCopyright = "";
				INSTALL_PATH = "$(LOCAL_LIBRARY_DIR)/Frameworks";
				LD_RUNPATH_SEARCH_PATHS = (
					"$(inherited)",
					"@executable_path/Frameworks",
					"@loader_path/Frameworks",
				);
				MARKETING_VERSION = 1.0;
				PRODUCT_BUNDLE_IDENTIFIER = KKayChang.YTPlayer;
				PRODUCT_NAME = "$(TARGET_NAME:c99extidentifier)";
				SKIP_INSTALL = YES;
				SWIFT_EMIT_LOC_STRINGS = YES;
				SWIFT_VERSION = 5.0;
				TARGETED_DEVICE_FAMILY = "1,2";
			};
			name = Debug;
		};
		68031EEE2ACD52FA00E4FC38 /* Release */ = {
			isa = XCBuildConfiguration;
			buildSettings = {
				CODE_SIGN_STYLE = Automatic;
				CURRENT_PROJECT_VERSION = 1;
				DEFINES_MODULE = YES;
				DEVELOPMENT_TEAM = L6PYXBS39D;
				DYLIB_COMPATIBILITY_VERSION = 1;
				DYLIB_CURRENT_VERSION = 1;
				DYLIB_INSTALL_NAME_BASE = "@rpath";
				GENERATE_INFOPLIST_FILE = YES;
				INFOPLIST_KEY_NSHumanReadableCopyright = "";
				INSTALL_PATH = "$(LOCAL_LIBRARY_DIR)/Frameworks";
				LD_RUNPATH_SEARCH_PATHS = (
					"$(inherited)",
					"@executable_path/Frameworks",
					"@loader_path/Frameworks",
				);
				MARKETING_VERSION = 1.0;
				PRODUCT_BUNDLE_IDENTIFIER = KKayChang.YTPlayer;
				PRODUCT_NAME = "$(TARGET_NAME:c99extidentifier)";
				SKIP_INSTALL = YES;
				SWIFT_EMIT_LOC_STRINGS = YES;
				SWIFT_VERSION = 5.0;
				TARGETED_DEVICE_FAMILY = "1,2";
			};
			name = Release;
		};
		68031EF02ACD52FA00E4FC38 /* Debug */ = {
			isa = XCBuildConfiguration;
			buildSettings = {
				CODE_SIGN_STYLE = Automatic;
				CURRENT_PROJECT_VERSION = 1;
				DEVELOPMENT_TEAM = L6PYXBS39D;
				GENERATE_INFOPLIST_FILE = YES;
				MARKETING_VERSION = 1.0;
				PRODUCT_BUNDLE_IDENTIFIER = KKayChang.YTPlayerTests;
				PRODUCT_NAME = "$(TARGET_NAME)";
				SWIFT_EMIT_LOC_STRINGS = NO;
				SWIFT_VERSION = 5.0;
				TARGETED_DEVICE_FAMILY = "1,2";
			};
			name = Debug;
		};
		68031EF12ACD52FA00E4FC38 /* Release */ = {
			isa = XCBuildConfiguration;
			buildSettings = {
				CODE_SIGN_STYLE = Automatic;
				CURRENT_PROJECT_VERSION = 1;
				DEVELOPMENT_TEAM = L6PYXBS39D;
				GENERATE_INFOPLIST_FILE = YES;
				MARKETING_VERSION = 1.0;
				PRODUCT_BUNDLE_IDENTIFIER = KKayChang.YTPlayerTests;
				PRODUCT_NAME = "$(TARGET_NAME)";
				SWIFT_EMIT_LOC_STRINGS = NO;
				SWIFT_VERSION = 5.0;
				TARGETED_DEVICE_FAMILY = "1,2";
			};
			name = Release;
		};
/* End XCBuildConfiguration section */

/* Begin XCConfigurationList section */
		68031ED22ACD52FA00E4FC38 /* Build configuration list for PBXProject "YTPlayer" */ = {
			isa = XCConfigurationList;
			buildConfigurations = (
				68031EEA2ACD52FA00E4FC38 /* Debug */,
				68031EEB2ACD52FA00E4FC38 /* Release */,
			);
			defaultConfigurationIsVisible = 0;
			defaultConfigurationName = Release;
		};
		68031EEC2ACD52FA00E4FC38 /* Build configuration list for PBXNativeTarget "YTPlayer" */ = {
			isa = XCConfigurationList;
			buildConfigurations = (
				68031EED2ACD52FA00E4FC38 /* Debug */,
				68031EEE2ACD52FA00E4FC38 /* Release */,
			);
			defaultConfigurationIsVisible = 0;
			defaultConfigurationName = Release;
		};
		68031EEF2ACD52FA00E4FC38 /* Build configuration list for PBXNativeTarget "YTPlayerTests" */ = {
			isa = XCConfigurationList;
			buildConfigurations = (
				68031EF02ACD52FA00E4FC38 /* Debug */,
				68031EF12ACD52FA00E4FC38 /* Release */,
			);
			defaultConfigurationIsVisible = 0;
			defaultConfigurationName = Release;
		};
/* End XCConfigurationList section */
	};
	rootObject = 68031ECF2ACD52FA00E4FC38 /* Project object */;
}
