// !$*UTF8*$!
{
	archiveVersion = 1;
	classes = {
	};
	objectVersion = 56;
	objects = {

/* Begin PBXBuildFile section */
		68031EFF2ACD539700E4FC38 /* AppDelegate.swift in Sources */ = {isa = PBXBuildFile; fileRef = 68031EFE2ACD539700E4FC38 /* AppDelegate.swift */; };
		68031F012ACD539700E4FC38 /* SceneDelegate.swift in Sources */ = {isa = PBXBuildFile; fileRef = 68031F002ACD539700E4FC38 /* SceneDelegate.swift */; };
		68031F032ACD539700E4FC38 /* ViewController.swift in Sources */ = {isa = PBXBuildFile; fileRef = 68031F022ACD539700E4FC38 /* ViewController.swift */; };
		68031F062ACD539700E4FC38 /* Main.storyboard in Resources */ = {isa = PBXBuildFile; fileRef = 68031F042ACD539700E4FC38 /* Main.storyboard */; };
		68031F082ACD539800E4FC38 /* Assets.xcassets in Resources */ = {isa = PBXBuildFile; fileRef = 68031F072ACD539800E4FC38 /* Assets.xcassets */; };
		68031F0B2ACD539800E4FC38 /* LaunchScreen.storyboard in Resources */ = {isa = PBXBuildFile; fileRef = 68031F092ACD539800E4FC38 /* LaunchScreen.storyboard */; };
		6FB90D70F2AC1D6EB1334AA1 /* Pods_YTPlayerDemo.framework in Frameworks */ = {isa = PBXBuildFile; fileRef = DB2EBCB7C15F7CEA6848D075 /* Pods_YTPlayerDemo.framework */; };
/* End PBXBuildFile section */

/* Begin PBXFileReference section */
		68031EFB2ACD539700E4FC38 /* YTPlayerDemo.app */ = {isa = PBXFileReference; explicitFileType = wrapper.application; includeInIndex = 0; path = YTPlayerDemo.app; sourceTree = BUILT_PRODUCTS_DIR; };
		68031EFE2ACD539700E4FC38 /* AppDelegate.swift */ = {isa = PBXFileReference; lastKnownFileType = sourcecode.swift; path = AppDelegate.swift; sourceTree = "<group>"; };
		68031F002ACD539700E4FC38 /* SceneDelegate.swift */ = {isa = PBXFileReference; lastKnownFileType = sourcecode.swift; path = SceneDelegate.swift; sourceTree = "<group>"; };
		68031F022ACD539700E4FC38 /* ViewController.swift */ = {isa = PBXFileReference; lastKnownFileType = sourcecode.swift; path = ViewController.swift; sourceTree = "<group>"; };
		68031F052ACD539700E4FC38 /* Base */ = {isa = PBXFileReference; lastKnownFileType = file.storyboard; name = Base; path = Base.lproj/Main.storyboard; sourceTree = "<group>"; };
		68031F072ACD539800E4FC38 /* Assets.xcassets */ = {isa = PBXFileReference; lastKnownFileType = folder.assetcatalog; path = Assets.xcassets; sourceTree = "<group>"; };
		68031F0A2ACD539800E4FC38 /* Base */ = {isa = PBXFileReference; lastKnownFileType = file.storyboard; name = Base; path = Base.lproj/LaunchScreen.storyboard; sourceTree = "<group>"; };
		68031F0C2ACD539800E4FC38 /* Info.plist */ = {isa = PBXFileReference; lastKnownFileType = text.plist.xml; path = Info.plist; sourceTree = "<group>"; };
		6954032C8C54934F96265E1B /* Pods-YTPlayerDemo.release.xcconfig */ = {isa = PBXFileReference; includeInIndex = 1; lastKnownFileType = text.xcconfig; name = "Pods-YTPlayerDemo.release.xcconfig"; path = "Target Support Files/Pods-YTPlayerDemo/Pods-YTPlayerDemo.release.xcconfig"; sourceTree = "<group>"; };
		9CC0825B8061775D6587B7D1 /* Pods-YTPlayerDemo.debug.xcconfig */ = {isa = PBXFileReference; includeInIndex = 1; lastKnownFileType = text.xcconfig; name = "Pods-YTPlayerDemo.debug.xcconfig"; path = "Target Support Files/Pods-YTPlayerDemo/Pods-YTPlayerDemo.debug.xcconfig"; sourceTree = "<group>"; };
		DB2EBCB7C15F7CEA6848D075 /* Pods_YTPlayerDemo.framework */ = {isa = PBXFileReference; explicitFileType = wrapper.framework; includeInIndex = 0; path = Pods_YTPlayerDemo.framework; sourceTree = BUILT_PRODUCTS_DIR; };
/* End PBXFileReference section */

/* Begin PBXFrameworksBuildPhase section */
		68031EF82ACD539700E4FC38 /* Frameworks */ = {
			isa = PBXFrameworksBuildPhase;
			buildActionMask = 2147483647;
			files = (
				6FB90D70F2AC1D6EB1334AA1 /* Pods_YTPlayerDemo.framework in Frameworks */,
			);
			runOnlyForDeploymentPostprocessing = 0;
		};
/* End PBXFrameworksBuildPhase section */

/* Begin PBXGroup section */
		68031EF22ACD539700E4FC38 = {
			isa = PBXGroup;
			children = (
				68031EFD2ACD539700E4FC38 /* YTPlayerDemo */,
				68031EFC2ACD539700E4FC38 /* Products */,
				DFD7B3747DDB33C7BF12CCCA /* Pods */,
				75594F6DC5770CB3B52C74A0 /* Frameworks */,
			);
			sourceTree = "<group>";
		};
		68031EFC2ACD539700E4FC38 /* Products */ = {
			isa = PBXGroup;
			children = (
				68031EFB2ACD539700E4FC38 /* YTPlayerDemo.app */,
			);
			name = Products;
			sourceTree = "<group>";
		};
		68031EFD2ACD539700E4FC38 /* YTPlayerDemo */ = {
			isa = PBXGroup;
			children = (
				68031EFE2ACD539700E4FC38 /* AppDelegate.swift */,
				68031F002ACD539700E4FC38 /* SceneDelegate.swift */,
				68031F022ACD539700E4FC38 /* ViewController.swift */,
				68031F042ACD539700E4FC38 /* Main.storyboard */,
				68031F072ACD539800E4FC38 /* Assets.xcassets */,
				68031F092ACD539800E4FC38 /* LaunchScreen.storyboard */,
				68031F0C2ACD539800E4FC38 /* Info.plist */,
			);
			path = YTPlayerDemo;
			sourceTree = "<group>";
		};
		75594F6DC5770CB3B52C74A0 /* Frameworks */ = {
			isa = PBXGroup;
			children = (
				DB2EBCB7C15F7CEA6848D075 /* Pods_YTPlayerDemo.framework */,
			);
			name = Frameworks;
			sourceTree = "<group>";
		};
		DFD7B3747DDB33C7BF12CCCA /* Pods */ = {
			isa = PBXGroup;
			children = (
				9CC0825B8061775D6587B7D1 /* Pods-YTPlayerDemo.debug.xcconfig */,
				6954032C8C54934F96265E1B /* Pods-YTPlayerDemo.release.xcconfig */,
			);
			name = Pods;
			path = Pods;
			sourceTree = "<group>";
		};
/* End PBXGroup section */

/* Begin PBXNativeTarget section */
		68031EFA2ACD539700E4FC38 /* YTPlayerDemo */ = {
			isa = PBXNativeTarget;
			buildConfigurationList = 68031F0F2ACD539800E4FC38 /* Build configuration list for PBXNativeTarget "YTPlayerDemo" */;
			buildPhases = (
				DFA826D6B84B946FB9F9E16C /* [CP] Check Pods Manifest.lock */,
				68031EF72ACD539700E4FC38 /* Sources */,
				68031EF82ACD539700E4FC38 /* Frameworks */,
				68031EF92ACD539700E4FC38 /* Resources */,
			);
			buildRules = (
			);
			dependencies = (
			);
			name = YTPlayerDemo;
			productName = YTPlayerDemo;
			productReference = 68031EFB2ACD539700E4FC38 /* YTPlayerDemo.app */;
			productType = "com.apple.product-type.application";
		};
/* End PBXNativeTarget section */

/* Begin PBXProject section */
		68031EF32ACD539700E4FC38 /* Project object */ = {
			isa = PBXProject;
			attributes = {
				BuildIndependentTargetsInParallel = 1;
				LastSwiftUpdateCheck = 1420;
				LastUpgradeCheck = 1420;
				TargetAttributes = {
					68031EFA2ACD539700E4FC38 = {
						CreatedOnToolsVersion = 14.2;
					};
				};
			};
			buildConfigurationList = 68031EF62ACD539700E4FC38 /* Build configuration list for PBXProject "YTPlayerDemo" */;
			compatibilityVersion = "Xcode 14.0";
			developmentRegion = en;
			hasScannedForEncodings = 0;
			knownRegions = (
				en,
				Base,
			);
			mainGroup = 68031EF22ACD539700E4FC38;
			productRefGroup = 68031EFC2ACD539700E4FC38 /* Products */;
			projectDirPath = "";
			projectRoot = "";
			targets = (
				68031EFA2ACD539700E4FC38 /* YTPlayerDemo */,
			);
		};
/* End PBXProject section */

/* Begin PBXResourcesBuildPhase section */
		68031EF92ACD539700E4FC38 /* Resources */ = {
			isa = PBXResourcesBuildPhase;
			buildActionMask = 2147483647;
			files = (
				68031F0B2ACD539800E4FC38 /* LaunchScreen.storyboard in Resources */,
				68031F082ACD539800E4FC38 /* Assets.xcassets in Resources */,
				68031F062ACD539700E4FC38 /* Main.storyboard in Resources */,
			);
			runOnlyForDeploymentPostprocessing = 0;
		};
/* End PBXResourcesBuildPhase section */

/* Begin PBXShellScriptBuildPhase section */
		DFA826D6B84B946FB9F9E16C /* [CP] Check Pods Manifest.lock */ = {
			isa = PBXShellScriptBuildPhase;
			buildActionMask = 2147483647;
			files = (
			);
			inputFileListPaths = (
			);
			inputPaths = (
				"${PODS_PODFILE_DIR_PATH}/Podfile.lock",
				"${PODS_ROOT}/Manifest.lock",
			);
			name = "[CP] Check Pods Manifest.lock";
			outputFileListPaths = (
			);
			outputPaths = (
				"$(DERIVED_FILE_DIR)/Pods-YTPlayerDemo-checkManifestLockResult.txt",
			);
			runOnlyForDeploymentPostprocessing = 0;
			shellPath = /bin/sh;
			shellScript = "diff \"${PODS_PODFILE_DIR_PATH}/Podfile.lock\" \"${PODS_ROOT}/Manifest.lock\" > /dev/null\nif [ $? != 0 ] ; then\n    # print error to STDERR\n    echo \"error: The sandbox is not in sync with the Podfile.lock. Run 'pod install' or update your CocoaPods installation.\" >&2\n    exit 1\nfi\n# This output is used by Xcode 'outputs' to avoid re-running this script phase.\necho \"SUCCESS\" > \"${SCRIPT_OUTPUT_FILE_0}\"\n";
			showEnvVarsInLog = 0;
		};
/* End PBXShellScriptBuildPhase section */

/* Begin PBXSourcesBuildPhase section */
		68031EF72ACD539700E4FC38 /* Sources */ = {
			isa = PBXSourcesBuildPhase;
			buildActionMask = 2147483647;
			files = (
				68031F032ACD539700E4FC38 /* ViewController.swift in Sources */,
				68031EFF2ACD539700E4FC38 /* AppDelegate.swift in Sources */,
				68031F012ACD539700E4FC38 /* SceneDelegate.swift in Sources */,
			);
			runOnlyForDeploymentPostprocessing = 0;
		};
/* End PBXSourcesBuildPhase section */

/* Begin PBXVariantGroup section */
		68031F042ACD539700E4FC38 /* Main.storyboard */ = {
			isa = PBXVariantGroup;
			children = (
				68031F052ACD539700E4FC38 /* Base */,
			);
			name = Main.storyboard;
			sourceTree = "<group>";
		};
		68031F092ACD539800E4FC38 /* LaunchScreen.storyboard */ = {
			isa = PBXVariantGroup;
			children = (
				68031F0A2ACD539800E4FC38 /* Base */,
			);
			name = LaunchScreen.storyboard;
			sourceTree = "<group>";
		};
/* End PBXVariantGroup section */

/* Begin XCBuildConfiguration section */
		68031F0D2ACD539800E4FC38 /* Debug */ = {
			isa = XCBuildConfiguration;
			buildSettings = {
				ALWAYS_SEARCH_USER_PATHS = NO;
				CLANG_ANALYZER_NONNULL = YES;
				CLANG_ANALYZER_NUMBER_OBJECT_CONVERSION = YES_AGGRESSIVE;
				CLANG_CXX_LANGUAGE_STANDARD = "gnu++20";
				CLANG_ENABLE_MODULES = YES;
				CLANG_ENABLE_OBJC_ARC = YES;
				CLANG_ENABLE_OBJC_WEAK = YES;
				CLANG_WARN_BLOCK_CAPTURE_AUTORELEASING = YES;
				CLANG_WARN_BOOL_CONVERSION = YES;
				CLANG_WARN_COMMA = YES;
				CLANG_WARN_CONSTANT_CONVERSION = YES;
				CLANG_WARN_DEPRECATED_OBJC_IMPLEMENTATIONS = YES;
				CLANG_WARN_DIRECT_OBJC_ISA_USAGE = YES_ERROR;
				CLANG_WARN_DOCUMENTATION_COMMENTS = YES;
				CLANG_WARN_EMPTY_BODY = YES;
				CLANG_WARN_ENUM_CONVERSION = YES;
				CLANG_WARN_INFINITE_RECURSION = YES;
				CLANG_WARN_INT_CONVERSION = YES;
				CLANG_WARN_NON_LITERAL_NULL_CONVERSION = YES;
				CLANG_WARN_OBJC_IMPLICIT_RETAIN_SELF = YES;
				CLANG_WARN_OBJC_LITERAL_CONVERSION = YES;
				CLANG_WARN_OBJC_ROOT_CLASS = YES_ERROR;
				CLANG_WARN_QUOTED_INCLUDE_IN_FRAMEWORK_HEADER = YES;
				CLANG_WARN_RANGE_LOOP_ANALYSIS = YES;
				CLANG_WARN_STRICT_PROTOTYPES = YES;
				CLANG_WARN_SUSPICIOUS_MOVE = YES;
				CLANG_WARN_UNGUARDED_AVAILABILITY = YES_AGGRESSIVE;
				CLANG_WARN_UNREACHABLE_CODE = YES;
				CLANG_WARN__DUPLICATE_METHOD_MATCH = YES;
				COPY_PHASE_STRIP = NO;
				DEBUG_INFORMATION_FORMAT = dwarf;
				ENABLE_STRICT_OBJC_MSGSEND = YES;
				ENABLE_TESTABILITY = YES;
				GCC_C_LANGUAGE_STANDARD = gnu11;
				GCC_DYNAMIC_NO_PIC = NO;
				GCC_NO_COMMON_BLOCKS = YES;
				GCC_OPTIMIZATION_LEVEL = 0;
				GCC_PREPROCESSOR_DEFINITIONS = (
					"DEBUG=1",
					"$(inherited)",
				);
				GCC_WARN_64_TO_32_BIT_CONVERSION = YES;
				GCC_WARN_ABOUT_RETURN_TYPE = YES_ERROR;
				GCC_WARN_UNDECLARED_SELECTOR = YES;
				GCC_WARN_UNINITIALIZED_AUTOS = YES_AGGRESSIVE;
				GCC_WARN_UNUSED_FUNCTION = YES;
				GCC_WARN_UNUSED_VARIABLE = YES;
				IPHONEOS_DEPLOYMENT_TARGET = 16.2;
				MTL_ENABLE_DEBUG_INFO = INCLUDE_SOURCE;
				MTL_FAST_MATH = YES;
				ONLY_ACTIVE_ARCH = YES;
				SDKROOT = iphoneos;
				SWIFT_ACTIVE_COMPILATION_CONDITIONS = DEBUG;
				SWIFT_OPTIMIZATION_LEVEL = "-Onone";
			};
			name = Debug;
		};
		68031F0E2ACD539800E4FC38 /* Release */ = {
			isa = XCBuildConfiguration;
			buildSettings = {
				ALWAYS_SEARCH_USER_PATHS = NO;
				CLANG_ANALYZER_NONNULL = YES;
				CLANG_ANALYZER_NUMBER_OBJECT_CONVERSION = YES_AGGRESSIVE;
				CLANG_CXX_LANGUAGE_STANDARD = "gnu++20";
				CLANG_ENABLE_MODULES = YES;
				CLANG_ENABLE_OBJC_ARC = YES;
				CLANG_ENABLE_OBJC_WEAK = YES;
				CLANG_WARN_BLOCK_CAPTURE_AUTORELEASING = YES;
				CLANG_WARN_BOOL_CONVERSION = YES;
				CLANG_WARN_COMMA = YES;
				CLANG_WARN_CONSTANT_CONVERSION = YES;
				CLANG_WARN_DEPRECATED_OBJC_IMPLEMENTATIONS = YES;
				CLANG_WARN_DIRECT_OBJC_ISA_USAGE = YES_ERROR;
				CLANG_WARN_DOCUMENTATION_COMMENTS = YES;
				CLANG_WARN_EMPTY_BODY = YES;
				CLANG_WARN_ENUM_CONVERSION = YES;
				CLANG_WARN_INFINITE_RECURSION = YES;
				CLANG_WARN_INT_CONVERSION = YES;
				CLANG_WARN_NON_LITERAL_NULL_CONVERSION = YES;
				CLANG_WARN_OBJC_IMPLICIT_RETAIN_SELF = YES;
				CLANG_WARN_OBJC_LITERAL_CONVERSION = YES;
				CLANG_WARN_OBJC_ROOT_CLASS = YES_ERROR;
				CLANG_WARN_QUOTED_INCLUDE_IN_FRAMEWORK_HEADER = YES;
				CLANG_WARN_RANGE_LOOP_ANALYSIS = YES;
				CLANG_WARN_STRICT_PROTOTYPES = YES;
				CLANG_WARN_SUSPICIOUS_MOVE = YES;
				CLANG_WARN_UNGUARDED_AVAILABILITY = YES_AGGRESSIVE;
				CLANG_WARN_UNREACHABLE_CODE = YES;
				CLANG_WARN__DUPLICATE_METHOD_MATCH = YES;
				COPY_PHASE_STRIP = NO;
				DEBUG_INFORMATION_FORMAT = "dwarf-with-dsym";
				ENABLE_NS_ASSERTIONS = NO;
				ENABLE_STRICT_OBJC_MSGSEND = YES;
				GCC_C_LANGUAGE_STANDARD = gnu11;
				GCC_NO_COMMON_BLOCKS = YES;
				GCC_WARN_64_TO_32_BIT_CONVERSION = YES;
				GCC_WARN_ABOUT_RETURN_TYPE = YES_ERROR;
				GCC_WARN_UNDECLARED_SELECTOR = YES;
				GCC_WARN_UNINITIALIZED_AUTOS = YES_AGGRESSIVE;
				GCC_WARN_UNUSED_FUNCTION = YES;
				GCC_WARN_UNUSED_VARIABLE = YES;
				IPHONEOS_DEPLOYMENT_TARGET = 16.2;
				MTL_ENABLE_DEBUG_INFO = NO;
				MTL_FAST_MATH = YES;
				SDKROOT = iphoneos;
				SWIFT_COMPILATION_MODE = wholemodule;
				SWIFT_OPTIMIZATION_LEVEL = "-O";
				VALIDATE_PRODUCT = YES;
			};
			name = Release;
		};
		68031F102ACD539800E4FC38 /* Debug */ = {
			isa = XCBuildConfiguration;
			baseConfigurationReference = 9CC0825B8061775D6587B7D1 /* Pods-YTPlayerDemo.debug.xcconfig */;
			buildSettings = {
				ASSETCATALOG_COMPILER_APPICON_NAME = AppIcon;
				ASSETCATALOG_COMPILER_GLOBAL_ACCENT_COLOR_NAME = AccentColor;
				CODE_SIGN_STYLE = Automatic;
				CURRENT_PROJECT_VERSION = 1;
				DEVELOPMENT_TEAM = L6PYXBS39D;
				GENERATE_INFOPLIST_FILE = YES;
				INFOPLIST_FILE = YTPlayerDemo/Info.plist;
				INFOPLIST_KEY_UIApplicationSupportsIndirectInputEvents = YES;
				INFOPLIST_KEY_UILaunchStoryboardName = LaunchScreen;
				INFOPLIST_KEY_UIMainStoryboardFile = Main;
				INFOPLIST_KEY_UISupportedInterfaceOrientations_iPad = "UIInterfaceOrientationPortrait UIInterfaceOrientationPortraitUpsideDown UIInterfaceOrientationLandscapeLeft UIInterfaceOrientationLandscapeRight";
				INFOPLIST_KEY_UISupportedInterfaceOrientations_iPhone = "UIInterfaceOrientationPortrait UIInterfaceOrientationLandscapeLeft UIInterfaceOrientationLandscapeRight";
				LD_RUNPATH_SEARCH_PATHS = (
					"$(inherited)",
					"@executable_path/Frameworks",
				);
				MARKETING_VERSION = 1.0;
				PRODUCT_BUNDLE_IDENTIFIER = KKayChang.YTPlayerDemo;
				PRODUCT_NAME = "$(TARGET_NAME)";
				SWIFT_EMIT_LOC_STRINGS = YES;
				SWIFT_VERSION = 5.0;
				TARGETED_DEVICE_FAMILY = "1,2";
			};
			name = Debug;
		};
		68031F112ACD539800E4FC38 /* Release */ = {
			isa = XCBuildConfiguration;
			baseConfigurationReference = 6954032C8C54934F96265E1B /* Pods-YTPlayerDemo.release.xcconfig */;
			buildSettings = {
				ASSETCATALOG_COMPILER_APPICON_NAME = AppIcon;
				ASSETCATALOG_COMPILER_GLOBAL_ACCENT_COLOR_NAME = AccentColor;
				CODE_SIGN_STYLE = Automatic;
				CURRENT_PROJECT_VERSION = 1;
				DEVELOPMENT_TEAM = L6PYXBS39D;
				GENERATE_INFOPLIST_FILE = YES;
				INFOPLIST_FILE = YTPlayerDemo/Info.plist;
				INFOPLIST_KEY_UIApplicationSupportsIndirectInputEvents = YES;
				INFOPLIST_KEY_UILaunchStoryboardName = LaunchScreen;
				INFOPLIST_KEY_UIMainStoryboardFile = Main;
				INFOPLIST_KEY_UISupportedInterfaceOrientations_iPad = "UIInterfaceOrientationPortrait UIInterfaceOrientationPortraitUpsideDown UIInterfaceOrientationLandscapeLeft UIInterfaceOrientationLandscapeRight";
				INFOPLIST_KEY_UISupportedInterfaceOrientations_iPhone = "UIInterfaceOrientationPortrait UIInterfaceOrientationLandscapeLeft UIInterfaceOrientationLandscapeRight";
				LD_RUNPATH_SEARCH_PATHS = (
					"$(inherited)",
					"@executable_path/Frameworks",
				);
				MARKETING_VERSION = 1.0;
				PRODUCT_BUNDLE_IDENTIFIER = KKayChang.YTPlayerDemo;
				PRODUCT_NAME = "$(TARGET_NAME)";
				SWIFT_EMIT_LOC_STRINGS = YES;
				SWIFT_VERSION = 5.0;
				TARGETED_DEVICE_FAMILY = "1,2";
			};
			name = Release;
		};
/* End XCBuildConfiguration section */

/* Begin XCConfigurationList section */
		68031EF62ACD539700E4FC38 /* Build configuration list for PBXProject "YTPlayerDemo" */ = {
			isa = XCConfigurationList;
			buildConfigurations = (
				68031F0D2ACD539800E4FC38 /* Debug */,
				68031F0E2ACD539800E4FC38 /* Release */,
			);
			defaultConfigurationIsVisible = 0;
			defaultConfigurationName = Release;
		};
		68031F0F2ACD539800E4FC38 /* Build configuration list for PBXNativeTarget "YTPlayerDemo" */ = {
			isa = XCConfigurationList;
			buildConfigurations = (
				68031F102ACD539800E4FC38 /* Debug */,
				68031F112ACD539800E4FC38 /* Release */,
			);
			defaultConfigurationIsVisible = 0;
			defaultConfigurationName = Release;
		};
/* End XCConfigurationList section */
	};
	rootObject = 68031EF32ACD539700E4FC38 /* Project object */;
}
